Microsoft Visual Studio Solution File, Format Version 12.00
# Visual Studio Version 17
VisualStudioVersion = 17.5.2.0
MinimumVisualStudioVersion = 10.0.40219.1
Project("{FAE04EC0-301F-11D3-BF4B-00C04F79EFBC}") = "bitsbybeier", "bitsbybeier.csproj", "{6C0C2815-FF47-93BD-A3F3-8372781B8461}"
EndProject
Global
	GlobalSection(SolutionConfigurationPlatforms) = preSolution
		Debug|Any CPU = Debug|Any CPU
		Release|Any CPU = Release|Any CPU
	EndGlobalSection
	GlobalSection(ProjectConfigurationPlatforms) = postSolution
		{6C0C2815-FF47-93BD-A3F3-8372781B8461}.Debug|Any CPU.ActiveCfg = Debug|Any CPU
		{6C0C2815-FF47-93BD-A3F3-8372781B8461}.Debug|Any CPU.Build.0 = Debug|Any CPU
		{6C0C2815-FF47-93BD-A3F3-8372781B8461}.Release|Any CPU.ActiveCfg = Release|Any CPU
		{6C0C2815-FF47-93BD-A3F3-8372781B8461}.Release|Any CPU.Build.0 = Release|Any CPU
	EndGlobalSection
	GlobalSection(SolutionProperties) = preSolution
		HideSolutionNode = FALSE
	EndGlobalSection
	GlobalSection(ExtensibilityGlobals) = postSolution
		SolutionGuid = {1B5226E1-9D46-42D5-800F-0C7D55D82FF9}
	EndGlobalSection
EndGlobal
